{
  "version": "2",
  "remote": {
    "https://cdn.skypack.dev/-/debug@v4.3.4-o4liVvMlOnQWbLSYZMXw/dist=es2019,mode=imports/optimized/debug.js": "671100993996e39b501301a87000607916d4d2d9f8fc8e9c5200ae5ba64a1389",
    "https://cdn.skypack.dev/-/ms@v2.1.2-giBDZ1IA5lmQ3ZXaa87V/dist=es2019,mode=imports/optimized/ms.js": "fd88e2d51900437011f1ad232f3393ce97db1b87a7844b3c58dd6d65562c1276",
    "https://cdn.skypack.dev/debug@4.3.4": "7b1d010cc930f71b940ba5941da055bc181115229e29de7214bdb4425c68ea76",
    "https://deno.land/std@0.162.0/_util/assert.ts": "e94f2eb37cebd7f199952e242c77654e43333c1ac4c5c700e929ea3aa5489f74",
    "https://deno.land/std@0.162.0/_util/os.ts": "8a33345f74990e627b9dfe2de9b040004b08ea5146c7c9e8fe9a29070d193934",
    "https://deno.land/std@0.162.0/async/deferred.ts": "d8fb253ffde2a056e4889ef7e90f3928f28be9f9294b6505773d33f136aab4e6",
    "https://deno.land/std@0.162.0/bytes/bytes_list.ts": "aba5e2369e77d426b10af1de0dcc4531acecec27f9b9056f4f7bfbf8ac147ab4",
    "https://deno.land/std@0.162.0/bytes/equals.ts": "3c3558c3ae85526f84510aa2b48ab2ad7bdd899e2e0f5b7a8ffc85acb3a6043a",
    "https://deno.land/std@0.162.0/bytes/mod.ts": "b2e342fd3669176a27a4e15061e9d588b89c1aaf5008ab71766e23669565d179",
    "https://deno.land/std@0.162.0/io/buffer.ts": "fae02290f52301c4e0188670e730cd902f9307fb732d79c4aa14ebdc82497289",
    "https://deno.land/std@0.162.0/io/types.d.ts": "107e1e64834c5ba917c783f446b407d33432c5d612c4b3430df64fc2b4ecf091",
    "https://deno.land/std@0.162.0/path/_constants.ts": "df1db3ffa6dd6d1252cc9617e5d72165cd2483df90e93833e13580687b6083c3",
    "https://deno.land/std@0.162.0/path/_interface.ts": "ee3b431a336b80cf445441109d089b70d87d5e248f4f90ff906820889ecf8d09",
    "https://deno.land/std@0.162.0/path/_util.ts": "d16be2a16e1204b65f9d0dfc54a9bc472cafe5f4a190b3c8471ec2016ccd1677",
    "https://deno.land/std@0.162.0/path/common.ts": "bee563630abd2d97f99d83c96c2fa0cca7cee103e8cb4e7699ec4d5db7bd2633",
    "https://deno.land/std@0.162.0/path/glob.ts": "cb5255638de1048973c3e69e420c77dc04f75755524cb3b2e160fe9277d939ee",
    "https://deno.land/std@0.162.0/path/mod.ts": "56fec03ad0ebd61b6ab39ddb9b0ddb4c4a5c9f2f4f632e09dd37ec9ebfd722ac",
    "https://deno.land/std@0.162.0/path/posix.ts": "6b63de7097e68c8663c84ccedc0fd977656eb134432d818ecd3a4e122638ac24",
    "https://deno.land/std@0.162.0/path/separator.ts": "fe1816cb765a8068afb3e8f13ad272351c85cbc739af56dacfc7d93d710fe0f9",
    "https://deno.land/std@0.162.0/path/win32.ts": "ee8826dce087d31c5c81cd414714e677eb68febc40308de87a2ce4b40e10fb8d",
    "https://deno.land/std@0.162.0/streams/buffer.ts": "357d725e1c13ee48af5e5da50ef8811ac8b12926d477ec0e3b40fed6d8d83dd2",
    "https://deno.land/std@0.162.0/streams/conversion.ts": "555c6c249f3acf85655f2d0af52d1cb3168e40b1c1fa26beefea501b333abe28",
    "https://deno.land/std@0.162.0/streams/delimiter.ts": "e18febbded53df275a897fac9249a6d0a6a5efc943256ad0f6cb23bf4d757668",
    "https://deno.land/std@0.162.0/streams/merge.ts": "88ed3dfa030ae076802688e4cadd762a251a41d81ed1776dfd9a2a9a0e970195",
    "https://deno.land/std@0.162.0/streams/mod.ts": "f402791689d74bd091ecf8f4015bc5b7d5c18132a55c7c72fe0576d1fb254cf9",
    "https://deno.land/std@0.166.0/_util/asserts.ts": "d0844e9b62510f89ce1f9878b046f6a57bf88f208a10304aab50efcb48365272",
    "https://deno.land/std@0.166.0/_util/os.ts": "8a33345f74990e627b9dfe2de9b040004b08ea5146c7c9e8fe9a29070d193934",
    "https://deno.land/std@0.166.0/flags/mod.ts": "3b459daf581e047819b6b799c92b96c81b4eecbd5ea025643d54dc0abc6ac923",
    "https://deno.land/std@0.166.0/fmt/colors.ts": "9e36a716611dcd2e4865adea9c4bec916b5c60caad4cdcdc630d4974e6bb8bd4",
    "https://deno.land/std@0.166.0/fs/_util.ts": "fdc156f897197f261a1c096dcf8ff9267ed0ff42bd5b31f55053a4763a4bae3b",
    "https://deno.land/std@0.166.0/fs/copy.ts": "37ad2d3390a672a34baf7d16a8623238906a1ee9b2c5fffc8efaa97810f4e6a9",
    "https://deno.land/std@0.166.0/fs/empty_dir.ts": "c15a0aaaf40f8c21cca902aa1e01a789ad0c2fd1b7e2eecf4957053c5dbf707f",
    "https://deno.land/std@0.166.0/fs/ensure_dir.ts": "76395fc1c989ca8d2de3aedfa8240eb8f5225cde20f926de957995b063135b80",
    "https://deno.land/std@0.166.0/fs/ensure_file.ts": "b8e32ea63aa21221d0219760ba3f741f682d7f7d68d0d24a3ec067c338568152",
    "https://deno.land/std@0.166.0/fs/ensure_link.ts": "5cc1c04f18487d7d1edf4c5469705f30b61390ffd24ad7db6df85e7209b32bb2",
    "https://deno.land/std@0.166.0/fs/ensure_symlink.ts": "5273557b8c50be69477aa9cb003b54ff2240a336db52a40851c97abce76b96ab",
    "https://deno.land/std@0.166.0/fs/eol.ts": "65b1e27320c3eec6fb653b27e20056ee3d015d3e91db388cfefa41616ebc7cb3",
    "https://deno.land/std@0.166.0/fs/exists.ts": "6a447912e49eb79cc640adacfbf4b0baf8e17ede6d5bed057062ce33c4fa0d68",
    "https://deno.land/std@0.166.0/fs/expand_glob.ts": "d08678afa768881b055bdfb5cebe4f089f8db4513a4d2b0bbe748f5870d77ce3",
    "https://deno.land/std@0.166.0/fs/mod.ts": "354a6f972ef4e00c4dd1f1339a8828ef0764c1c23d3c0010af3fcc025d8655b0",
    "https://deno.land/std@0.166.0/fs/move.ts": "6d7fa9da60dbc7a32dd7fdbc2ff812b745861213c8e92ba96dace0669b0c378c",
    "https://deno.land/std@0.166.0/fs/walk.ts": "0a754cc4696a15bdb175380a4b7deff3eb65be9768cb11d91a4138beee35c2d7",
    "https://deno.land/std@0.166.0/path/_constants.ts": "df1db3ffa6dd6d1252cc9617e5d72165cd2483df90e93833e13580687b6083c3",
    "https://deno.land/std@0.166.0/path/_interface.ts": "ee3b431a336b80cf445441109d089b70d87d5e248f4f90ff906820889ecf8d09",
    "https://deno.land/std@0.166.0/path/_util.ts": "d16be2a16e1204b65f9d0dfc54a9bc472cafe5f4a190b3c8471ec2016ccd1677",
    "https://deno.land/std@0.166.0/path/common.ts": "bee563630abd2d97f99d83c96c2fa0cca7cee103e8cb4e7699ec4d5db7bd2633",
    "https://deno.land/std@0.166.0/path/glob.ts": "cb5255638de1048973c3e69e420c77dc04f75755524cb3b2e160fe9277d939ee",
    "https://deno.land/std@0.166.0/path/mod.ts": "56fec03ad0ebd61b6ab39ddb9b0ddb4c4a5c9f2f4f632e09dd37ec9ebfd722ac",
    "https://deno.land/std@0.166.0/path/posix.ts": "6b63de7097e68c8663c84ccedc0fd977656eb134432d818ecd3a4e122638ac24",
    "https://deno.land/std@0.166.0/path/separator.ts": "fe1816cb765a8068afb3e8f13ad272351c85cbc739af56dacfc7d93d710fe0f9",
    "https://deno.land/std@0.166.0/path/win32.ts": "7cebd2bda6657371adc00061a1d23fdd87bcdf64b4843bb148b0b24c11b40f69",
    "https://deno.land/std@0.167.0/_util/asserts.ts": "d0844e9b62510f89ce1f9878b046f6a57bf88f208a10304aab50efcb48365272",
    "https://deno.land/std@0.167.0/_util/os.ts": "8a33345f74990e627b9dfe2de9b040004b08ea5146c7c9e8fe9a29070d193934",
    "https://deno.land/std@0.167.0/async/abortable.ts": "80b2ac399f142cc528f95a037a7d0e653296352d95c681e284533765961de409",
    "https://deno.land/std@0.167.0/async/deadline.ts": "2c2deb53c7c28ca1dda7a3ad81e70508b1ebc25db52559de6b8636c9278fd41f",
    "https://deno.land/std@0.167.0/async/debounce.ts": "60301ffb37e730cd2d6f9dadfd0ecb2a38857681bd7aaf6b0a106b06e5210a98",
    "https://deno.land/std@0.167.0/async/deferred.ts": "77d3f84255c3627f1cc88699d8472b664d7635990d5358c4351623e098e917d6",
    "https://deno.land/std@0.167.0/async/delay.ts": "5a9bfba8de38840308a7a33786a0155a7f6c1f7a859558ddcec5fe06e16daf57",
    "https://deno.land/std@0.167.0/async/mod.ts": "7809ad4bb223e40f5fdc043e5c7ca04e0e25eed35c32c3c32e28697c553fa6d9",
    "https://deno.land/std@0.167.0/async/mux_async_iterator.ts": "770a0ff26c59f8bbbda6b703a2235f04e379f73238e8d66a087edc68c2a2c35f",
    "https://deno.land/std@0.167.0/async/pool.ts": "6854d8cd675a74c73391c82005cbbe4cc58183bddcd1fbbd7c2bcda42b61cf69",
    "https://deno.land/std@0.167.0/async/retry.ts": "e8e5173623915bbc0ddc537698fa418cf875456c347eda1ed453528645b42e67",
    "https://deno.land/std@0.167.0/async/tee.ts": "3a47cc4e9a940904fd4341f0224907e199121c80b831faa5ec2b054c6d2eff5e",
    "https://deno.land/std@0.167.0/bytes/index_of_needle.ts": "19db73583cf6e038ca7763dd9fe9b9f2733ffa8be530d7b42f52bc9f3c2ee989",
    "https://deno.land/std@0.167.0/crypto/timing_safe_equal.ts": "3784958e40a5fe10429a68b75cc5f8d34356bf0bc2eb93c80c3033e2a6f17821",
    "https://deno.land/std@0.167.0/encoding/base64.ts": "8605e018e49211efc767686f6f687827d7f5fd5217163e981d8d693105640d7a",
    "https://deno.land/std@0.167.0/encoding/base64url.ts": "0283b12fcd306c11e3cf26fc022fecc800c6acc19704ea8bdb3908898fcd06d6",
    "https://deno.land/std@0.167.0/flags/mod.ts": "4f50ec6383c02684db35de38b3ffb2cd5b9fcfcc0b1147055d1980c49e82521c",
    "https://deno.land/std@0.167.0/http/server.ts": "e99c1bee8a3f6571ee4cdeb2966efad465b8f6fe62bec1bdb59c1f007cc4d155",
    "https://deno.land/std@0.167.0/node/_core.ts": "ac64d32093c173cc914a6e39e9251567635d7f75a2b7a5428b19e037536b2945",
    "https://deno.land/std@0.167.0/node/_events.d.ts": "3899ee9c37055fbb750e32cb43d7c435077c04446af948300080e1a590c6edf0",
    "https://deno.land/std@0.167.0/node/_events.mjs": "303e8aa60ace559e4ca0d19e8475f87311bee9e8330b4b497644d70f2002fc27",
    "https://deno.land/std@0.167.0/node/_global.d.ts": "6dadaf8cec2a0c506b22170617286e0bdc80be53dd0673e67fc7dd37a1130c68",
    "https://deno.land/std@0.167.0/node/_next_tick.ts": "81c1826675493b76f90c646fb1274a4c84b5cc913a80ca4526c32cd7c46a0b06",
    "https://deno.land/std@0.167.0/node/_process/exiting.ts": "bc9694769139ffc596f962087155a8bfef10101d03423b9dcbc51ce6e1f88fce",
    "https://deno.land/std@0.167.0/node/_process/process.ts": "d5bf113a4b62f4abe4cb7ec5a9d00d44dac0ad9e82a23d00cc27d71e05ae8b66",
    "https://deno.land/std@0.167.0/node/_process/stdio.mjs": "971c3b086040d8521562155db13f22f9971d5c42c852b2081d4d2f0d8b6ab6bd",
    "https://deno.land/std@0.167.0/node/_process/streams.mjs": "3ce63d9eb24a8a8ec45eeebf5c184b43d888064f663f87e8f453888368e00f90",
    "https://deno.land/std@0.167.0/node/_stream.d.ts": "83e9da2f81de3205926f1e86ba54442aa5a3caf4c5e84a4c8699402ad340142b",
    "https://deno.land/std@0.167.0/node/_stream.mjs": "9a80217d9734f6e4284aae0ea55dd82b243f5517bc1814e983ad41b01732f712",
    "https://deno.land/std@0.167.0/node/_utils.ts": "1085a229e910b3a6672f3c3be05507591811dc67be2ae2188e9fc9ef4376b172",
    "https://deno.land/std@0.167.0/node/buffer.ts": "43f07b2d1523345bf35b7deb7fcdad6e916020a631a7bc1b5efcaff556db4e1d",
    "https://deno.land/std@0.167.0/node/events.ts": "f848398d3591534ca94ac6b852a9f3c4dbb2da310c3a26059cf4ff06b7eae088",
    "https://deno.land/std@0.167.0/node/internal/buffer.d.ts": "90f674081428a61978b6d481c5f557ff743a3f4a85d7ae113caab48fdf5b8a63",
    "https://deno.land/std@0.167.0/node/internal/buffer.mjs": "70b74b34f1617b3492aee6dec35c7bdabbf26e034bfcf640aa61b3d63c5c850f",
    "https://deno.land/std@0.167.0/node/internal/crypto/_keys.ts": "63229ff3d8d15b5bd0a1d2ebc19313cbb8ac969875bf16df1ce4f2b497d74fb5",
    "https://deno.land/std@0.167.0/node/internal/crypto/constants.ts": "d2c8821977aef55e4d66414d623c24a2447791a8b49b6404b8db32d81e20c315",
    "https://deno.land/std@0.167.0/node/internal/error_codes.ts": "ac03c4eae33de3a69d6c98e8678003207eecf75a6900eb847e3fea3c8c9e6d8f",
    "https://deno.land/std@0.167.0/node/internal/errors.ts": "b9aec7d1fe3eaf21322d0ea9dc2fcb344055d6b0c7a1bd0f62a0c379a5baa799",
    "https://deno.land/std@0.167.0/node/internal/fixed_queue.ts": "455b3c484de48e810b13bdf95cd1658ecb1ba6bcb8b9315ffe994efcde3ba5f5",
    "https://deno.land/std@0.167.0/node/internal/hide_stack_frames.ts": "a91962ec84610bc7ec86022c4593cdf688156a5910c07b5bcd71994225c13a03",
    "https://deno.land/std@0.167.0/node/internal/net.ts": "1239886cd2508a68624c2dae8abf895e8aa3bb15a748955349f9ac5539032238",
    "https://deno.land/std@0.167.0/node/internal/normalize_encoding.mjs": "3779ec8a7adf5d963b0224f9b85d1bc974a2ec2db0e858396b5d3c2c92138a0a",
    "https://deno.land/std@0.167.0/node/internal/options.ts": "a23c285975e058cb26a19abcb048cd8b46ab12d21cfb028868ac8003fffb43ac",
    "https://deno.land/std@0.167.0/node/internal/primordials.mjs": "7cf5afe471583e4a384eeea109bdff276b6b7f3a3af830f99f951fb7d57ef423",
    "https://deno.land/std@0.167.0/node/internal/process/per_thread.mjs": "bc1be72a6a662bf81573c20fe74893374847a7302065ddf52fb3fb2af505f31f",
    "https://deno.land/std@0.167.0/node/internal/readline/callbacks.mjs": "17d9270a54fb5dceea8f894669e3401e5c6260bab075a1e9675a62f1fef50d8c",
    "https://deno.land/std@0.167.0/node/internal/readline/utils.mjs": "a93ebb99f85e0dbb4f05f4aff5583d12a15150e45c335e4ecf925e1879dc9c84",
    "https://deno.land/std@0.167.0/node/internal/streams/destroy.mjs": "9c9bbeb172a437041d529829f433df72cf0b63ae49f3ee6080a55ffbef7572ad",
    "https://deno.land/std@0.167.0/node/internal/streams/end-of-stream.mjs": "38be76eaceac231dfde643e72bc0940625446bf6d1dbd995c91c5ba9fd59b338",
    "https://deno.land/std@0.167.0/node/internal/streams/utils.mjs": "a0a6b93a7e68ef52bef4ed00b0c82bb7e335abf360af57335b07c6a3fcdde717",
    "https://deno.land/std@0.167.0/node/internal/util.mjs": "35d24fb775468cd24443bcf0ec68904b8aa44e5b53845491a5e3382421917f9a",
    "https://deno.land/std@0.167.0/node/internal/util/inspect.mjs": "1ddace0c97719d2cc0869ba177d375e96051301352ec235cbfb2ecbfcd4e8fba",
    "https://deno.land/std@0.167.0/node/internal/util/types.ts": "5b15a8051a6e58b6c1a424e0e7137b77b0ef60409d54d05db22a97e0d1d5b589",
    "https://deno.land/std@0.167.0/node/internal/validators.mjs": "67deae0f488d013c8bf485742a5478112b8e48837cb2458c4a8b2669cf7017db",
    "https://deno.land/std@0.167.0/node/internal_binding/_libuv_winerror.ts": "801e05c2742ae6cd42a5f0fd555a255a7308a65732551e962e5345f55eedc519",
    "https://deno.land/std@0.167.0/node/internal_binding/_listen.ts": "c15a356ef4758770fc72d3ca4db33f0cc321016df1aafb927c027c0d73ac2c42",
    "https://deno.land/std@0.167.0/node/internal_binding/_node.ts": "e4075ba8a37aef4eb5b592c8e3807c39cb49ca8653faf8e01a43421938076c1b",
    "https://deno.land/std@0.167.0/node/internal_binding/_timingSafeEqual.ts": "80640f055101071cb3680a2d8a1fead5fd260ca8bf183efb94296b69463e06cd",
    "https://deno.land/std@0.167.0/node/internal_binding/_utils.ts": "1c50883b5751a9ea1b38951e62ed63bacfdc9d69ea665292edfa28e1b1c5bd94",
    "https://deno.land/std@0.167.0/node/internal_binding/_winerror.ts": "8811d4be66f918c165370b619259c1f35e8c3e458b8539db64c704fbde0a7cd2",
    "https://deno.land/std@0.167.0/node/internal_binding/ares.ts": "33ff8275bc11751219af8bd149ea221c442d7e8676e3e9f20ccb0e1f0aac61b8",
    "https://deno.land/std@0.167.0/node/internal_binding/async_wrap.ts": "b83e4021a4854b2e13720f96d21edc11f9905251c64c1bc625a361f574400959",
    "https://deno.land/std@0.167.0/node/internal_binding/buffer.ts": "dfba9e1a50b637cfd72e569aa11959dcaf626b898ab7e851d21526a2bdaec588",
    "https://deno.land/std@0.167.0/node/internal_binding/cares_wrap.ts": "720e6d5cff7018bb3d00e1a49dd4c31f0fc6af3a593ab68cd39e3592ed163d61",
    "https://deno.land/std@0.167.0/node/internal_binding/config.ts": "e292217d048a33573966b7d25352828d3282921fbcadce8735a20fb3da370cc4",
    "https://deno.land/std@0.167.0/node/internal_binding/connection_wrap.ts": "9debd4210d29c658054476fcb640c900725f564ef35412c56dc79eb07213a7c1",
    "https://deno.land/std@0.167.0/node/internal_binding/constants.ts": "1ad4de9f76733320527c8bc841b5e4dd5869424924384157a72f3b171bd05b08",
    "https://deno.land/std@0.167.0/node/internal_binding/contextify.ts": "e292217d048a33573966b7d25352828d3282921fbcadce8735a20fb3da370cc4",
    "https://deno.land/std@0.167.0/node/internal_binding/credentials.ts": "e292217d048a33573966b7d25352828d3282921fbcadce8735a20fb3da370cc4",
    "https://deno.land/std@0.167.0/node/internal_binding/crypto.ts": "d7f39700dc020364edf7f4785e5026bb91f099ce1bd02734182451b1af300c8c",
    "https://deno.land/std@0.167.0/node/internal_binding/errors.ts": "e292217d048a33573966b7d25352828d3282921fbcadce8735a20fb3da370cc4",
    "https://deno.land/std@0.167.0/node/internal_binding/fs.ts": "e292217d048a33573966b7d25352828d3282921fbcadce8735a20fb3da370cc4",
    "https://deno.land/std@0.167.0/node/internal_binding/fs_dir.ts": "e292217d048a33573966b7d25352828d3282921fbcadce8735a20fb3da370cc4",
    "https://deno.land/std@0.167.0/node/internal_binding/fs_event_wrap.ts": "e292217d048a33573966b7d25352828d3282921fbcadce8735a20fb3da370cc4",
    "https://deno.land/std@0.167.0/node/internal_binding/handle_wrap.ts": "71c451060c9f555066d3ebe80de039a4e493a94b76c664450fbefd8f4167eb7e",
    "https://deno.land/std@0.167.0/node/internal_binding/heap_utils.ts": "e292217d048a33573966b7d25352828d3282921fbcadce8735a20fb3da370cc4",
    "https://deno.land/std@0.167.0/node/internal_binding/http_parser.ts": "e292217d048a33573966b7d25352828d3282921fbcadce8735a20fb3da370cc4",
    "https://deno.land/std@0.167.0/node/internal_binding/icu.ts": "e292217d048a33573966b7d25352828d3282921fbcadce8735a20fb3da370cc4",
    "https://deno.land/std@0.167.0/node/internal_binding/inspector.ts": "e292217d048a33573966b7d25352828d3282921fbcadce8735a20fb3da370cc4",
    "https://deno.land/std@0.167.0/node/internal_binding/js_stream.ts": "e292217d048a33573966b7d25352828d3282921fbcadce8735a20fb3da370cc4",
    "https://deno.land/std@0.167.0/node/internal_binding/messaging.ts": "e292217d048a33573966b7d25352828d3282921fbcadce8735a20fb3da370cc4",
    "https://deno.land/std@0.167.0/node/internal_binding/mod.ts": "f68e74e8eed84eaa6b0de24f0f4c47735ed46866d7ee1c5a5e7c0667b4f0540f",
    "https://deno.land/std@0.167.0/node/internal_binding/module_wrap.ts": "e292217d048a33573966b7d25352828d3282921fbcadce8735a20fb3da370cc4",
    "https://deno.land/std@0.167.0/node/internal_binding/native_module.ts": "e292217d048a33573966b7d25352828d3282921fbcadce8735a20fb3da370cc4",
    "https://deno.land/std@0.167.0/node/internal_binding/natives.ts": "e292217d048a33573966b7d25352828d3282921fbcadce8735a20fb3da370cc4",
    "https://deno.land/std@0.167.0/node/internal_binding/node_file.ts": "37d6864897547d95ca24e0f5d01035915db0065bff128bc22191bc93f9ad59ad",
    "https://deno.land/std@0.167.0/node/internal_binding/node_options.ts": "b098e6a1c80fa5003a1669c6828539167ab19337e13d20a47b610144cb888cef",
    "https://deno.land/std@0.167.0/node/internal_binding/options.ts": "e292217d048a33573966b7d25352828d3282921fbcadce8735a20fb3da370cc4",
    "https://deno.land/std@0.167.0/node/internal_binding/os.ts": "e292217d048a33573966b7d25352828d3282921fbcadce8735a20fb3da370cc4",
    "https://deno.land/std@0.167.0/node/internal_binding/performance.ts": "e292217d048a33573966b7d25352828d3282921fbcadce8735a20fb3da370cc4",
    "https://deno.land/std@0.167.0/node/internal_binding/pipe_wrap.ts": "105c73f268cb9ca1c6cebaf4bea089ab12e0c21c8c4e10bb0a14b0abd3e1661e",
    "https://deno.land/std@0.167.0/node/internal_binding/process_methods.ts": "e292217d048a33573966b7d25352828d3282921fbcadce8735a20fb3da370cc4",
    "https://deno.land/std@0.167.0/node/internal_binding/report.ts": "e292217d048a33573966b7d25352828d3282921fbcadce8735a20fb3da370cc4",
    "https://deno.land/std@0.167.0/node/internal_binding/serdes.ts": "e292217d048a33573966b7d25352828d3282921fbcadce8735a20fb3da370cc4",
    "https://deno.land/std@0.167.0/node/internal_binding/signal_wrap.ts": "e292217d048a33573966b7d25352828d3282921fbcadce8735a20fb3da370cc4",
    "https://deno.land/std@0.167.0/node/internal_binding/spawn_sync.ts": "e292217d048a33573966b7d25352828d3282921fbcadce8735a20fb3da370cc4",
    "https://deno.land/std@0.167.0/node/internal_binding/stream_wrap.ts": "64780dc713ee0a2dc36251a62fe533005f07f5996f2c7b61fd8b6fa277c25317",
    "https://deno.land/std@0.167.0/node/internal_binding/string_decoder.ts": "5cb1863763d1e9b458bc21d6f976f16d9c18b3b3f57eaf0ade120aee38fba227",
    "https://deno.land/std@0.167.0/node/internal_binding/symbols.ts": "51cfca9bb6132d42071d4e9e6b68a340a7f274041cfcba3ad02900886e972a6c",
    "https://deno.land/std@0.167.0/node/internal_binding/task_queue.ts": "e292217d048a33573966b7d25352828d3282921fbcadce8735a20fb3da370cc4",
    "https://deno.land/std@0.167.0/node/internal_binding/tcp_wrap.ts": "4217fa10072e048a26f26e5f548b3f38422452c9956265592cac57379a610acb",
    "https://deno.land/std@0.167.0/node/internal_binding/timers.ts": "e292217d048a33573966b7d25352828d3282921fbcadce8735a20fb3da370cc4",
    "https://deno.land/std@0.167.0/node/internal_binding/tls_wrap.ts": "e292217d048a33573966b7d25352828d3282921fbcadce8735a20fb3da370cc4",
    "https://deno.land/std@0.167.0/node/internal_binding/trace_events.ts": "e292217d048a33573966b7d25352828d3282921fbcadce8735a20fb3da370cc4",
    "https://deno.land/std@0.167.0/node/internal_binding/tty_wrap.ts": "e292217d048a33573966b7d25352828d3282921fbcadce8735a20fb3da370cc4",
    "https://deno.land/std@0.167.0/node/internal_binding/types.ts": "69000b1b92e0ca999c737f5add38827742b3ca3fe37a2389c80290de0ae6ef01",
    "https://deno.land/std@0.167.0/node/internal_binding/udp_wrap.ts": "cdd0882eff7e7db631d808608d20f5d1269b40fbcedd4a0972d6ed616a855c79",
    "https://deno.land/std@0.167.0/node/internal_binding/url.ts": "e292217d048a33573966b7d25352828d3282921fbcadce8735a20fb3da370cc4",
    "https://deno.land/std@0.167.0/node/internal_binding/util.ts": "faf5146c3cc3b2d6c26026a818b4a16e91488ab26e63c069f36ba3c3ae24c97b",
    "https://deno.land/std@0.167.0/node/internal_binding/uv.ts": "27922aaec43de314afd99dfca1ce8f4d51ced9f5195e4917b54d387766404f61",
    "https://deno.land/std@0.167.0/node/internal_binding/v8.ts": "e292217d048a33573966b7d25352828d3282921fbcadce8735a20fb3da370cc4",
    "https://deno.land/std@0.167.0/node/internal_binding/worker.ts": "e292217d048a33573966b7d25352828d3282921fbcadce8735a20fb3da370cc4",
    "https://deno.land/std@0.167.0/node/internal_binding/zlib.ts": "e292217d048a33573966b7d25352828d3282921fbcadce8735a20fb3da370cc4",
    "https://deno.land/std@0.167.0/node/process.ts": "e036fc885f7424d4bf06518331e0513186a86842b95176e4a61fd29bfd959d1b",
    "https://deno.land/std@0.167.0/node/stream.ts": "2c6d5d207d0ad295f396b34fd03a908c1638beb1754bc9c1fccd9a4cdcace8be",
    "https://deno.land/std@0.167.0/node/string_decoder.ts": "7b6aaf9f98934fa33f89d7183a03858c0d1961870725d4ba39aa7cc137a9e9a1",
    "https://deno.land/std@0.167.0/path/_constants.ts": "df1db3ffa6dd6d1252cc9617e5d72165cd2483df90e93833e13580687b6083c3",
    "https://deno.land/std@0.167.0/path/_interface.ts": "ee3b431a336b80cf445441109d089b70d87d5e248f4f90ff906820889ecf8d09",
    "https://deno.land/std@0.167.0/path/_util.ts": "d16be2a16e1204b65f9d0dfc54a9bc472cafe5f4a190b3c8471ec2016ccd1677",
    "https://deno.land/std@0.167.0/path/common.ts": "bee563630abd2d97f99d83c96c2fa0cca7cee103e8cb4e7699ec4d5db7bd2633",
    "https://deno.land/std@0.167.0/path/glob.ts": "81cc6c72be002cd546c7a22d1f263f82f63f37fe0035d9726aa96fc8f6e4afa1",
    "https://deno.land/std@0.167.0/path/mod.ts": "cf7cec7ac11b7048bb66af8ae03513e66595c279c65cfa12bfc07d9599608b78",
    "https://deno.land/std@0.167.0/path/posix.ts": "b859684bc4d80edfd4cad0a82371b50c716330bed51143d6dcdbe59e6278b30c",
    "https://deno.land/std@0.167.0/path/separator.ts": "fe1816cb765a8068afb3e8f13ad272351c85cbc739af56dacfc7d93d710fe0f9",
    "https://deno.land/std@0.167.0/path/win32.ts": "7cebd2bda6657371adc00061a1d23fdd87bcdf64b4843bb148b0b24c11b40f69",
    "https://deno.land/std@0.167.0/streams/write_all.ts": "7525aa90e34a2bb56d094403ad9c0e31e7db87a47cb556e6dc0404e6deca084c",
    "https://deno.land/std@0.170.0/_util/asserts.ts": "d0844e9b62510f89ce1f9878b046f6a57bf88f208a10304aab50efcb48365272",
    "https://deno.land/std@0.170.0/_util/os.ts": "8a33345f74990e627b9dfe2de9b040004b08ea5146c7c9e8fe9a29070d193934",
    "https://deno.land/std@0.170.0/async/deferred.ts": "77d3f84255c3627f1cc88699d8472b664d7635990d5358c4351623e098e917d6",
    "https://deno.land/std@0.170.0/bytes/bytes_list.ts": "aba5e2369e77d426b10af1de0dcc4531acecec27f9b9056f4f7bfbf8ac147ab4",
    "https://deno.land/std@0.170.0/bytes/concat.ts": "97a1274e117510ffffc9499c4debb9541e408732bab2e0ca624869ae13103c10",
    "https://deno.land/std@0.170.0/bytes/copy.ts": "d14a58f188a997ee0d2ba696d0c82a42f4fb4b6705e90a4238b77d7644dae24c",
    "https://deno.land/std@0.170.0/io/buf_reader.ts": "6c0eb067040a9931be2d24de50f56e67b10e3ff69d5344575df06caddf551417",
    "https://deno.land/std@0.170.0/io/buf_writer.ts": "b1ee5325cec3386596c67b1c7510bfc7e42b2f505060fe2e9d6536cdefdbb30c",
    "https://deno.land/std@0.170.0/io/buffer.ts": "04e4d9a7bffffeddd75df7da795001871857d83f8e7772e6a3eee9d174f33d38",
    "https://deno.land/std@0.170.0/io/read_delim.ts": "6bff17d31730eeab402633ee53701ac16e7b575a343c432acf7bd61bd649fd05",
    "https://deno.land/std@0.170.0/io/read_lines.ts": "51e2841394effe1473f588de2a87d62b1c2deb63ce869115506324e228f9e67b",
    "https://deno.land/std@0.170.0/io/read_string_delim.ts": "70b20eebd853269252d4a833834a2677b711f216842709d11005ba291d822a0a",
    "https://deno.land/std@0.170.0/io/types.d.ts": "790d3a3fa6b7f298d4cfbcf8bfd9d4be595c1b1acaa3eebb3009177df98bf93c",
    "https://deno.land/std@0.170.0/path/_constants.ts": "df1db3ffa6dd6d1252cc9617e5d72165cd2483df90e93833e13580687b6083c3",
    "https://deno.land/std@0.170.0/path/_interface.ts": "ee3b431a336b80cf445441109d089b70d87d5e248f4f90ff906820889ecf8d09",
    "https://deno.land/std@0.170.0/path/_util.ts": "d16be2a16e1204b65f9d0dfc54a9bc472cafe5f4a190b3c8471ec2016ccd1677",
    "https://deno.land/std@0.170.0/path/common.ts": "bee563630abd2d97f99d83c96c2fa0cca7cee103e8cb4e7699ec4d5db7bd2633",
    "https://deno.land/std@0.170.0/path/glob.ts": "81cc6c72be002cd546c7a22d1f263f82f63f37fe0035d9726aa96fc8f6e4afa1",
    "https://deno.land/std@0.170.0/path/mod.ts": "cf7cec7ac11b7048bb66af8ae03513e66595c279c65cfa12bfc07d9599608b78",
    "https://deno.land/std@0.170.0/path/posix.ts": "b859684bc4d80edfd4cad0a82371b50c716330bed51143d6dcdbe59e6278b30c",
    "https://deno.land/std@0.170.0/path/separator.ts": "fe1816cb765a8068afb3e8f13ad272351c85cbc739af56dacfc7d93d710fe0f9",
    "https://deno.land/std@0.170.0/path/win32.ts": "7cebd2bda6657371adc00061a1d23fdd87bcdf64b4843bb148b0b24c11b40f69",
    "https://deno.land/std@0.170.0/streams/_common.ts": "a931bdab61de705bbfeda25d7bcf8e6edbba37492f90737b3c2889604313df46",
    "https://deno.land/std@0.170.0/streams/buffer.ts": "53823f5a5b417998c568ea2f4060c5eb5c368e7c0147c79b343f5e18840d465a",
    "https://deno.land/std@0.170.0/streams/byte_slice_stream.ts": "65141918827f4063e052d9937fd472fedfa1a381cdccd674065839506016b2e3",
    "https://deno.land/std@0.170.0/streams/copy.ts": "9a972a4befee3306095e9bb058a5a4d73b681df6ca088d7209f9a0736271aadc",
    "https://deno.land/std@0.170.0/streams/delimiter_stream.ts": "dfc73a5324f15a53ea654fcc8b47c321f3bef6ec4499be44902f0aed5b1eed1e",
    "https://deno.land/std@0.170.0/streams/early_zip_readable_streams.ts": "1a4e1b8b9018638e2c0fefd4d0bce3bcffa7d1673630c9c817eba0cdde794a50",
    "https://deno.land/std@0.170.0/streams/iterate_reader.ts": "26adde791b4206a8abbbd6365a8845b88aef396c1fd642066ec8e8480675e6a1",
    "https://deno.land/std@0.170.0/streams/limited_bytes_transform_stream.ts": "3b7327a39d7f2c4799c94e853f3bfe43d9434edc2074a33fec8800252052576f",
    "https://deno.land/std@0.170.0/streams/limited_transform_stream.ts": "abb275b2d52d8817edacc63e966ca9dd14eaa956b231d217c28ffd327e097c7e",
    "https://deno.land/std@0.170.0/streams/merge_readable_streams.ts": "afa207eaa42a4b7299405b0e40b4dd023bc557be07219ba5e91b9492aa54096d",
    "https://deno.land/std@0.170.0/streams/mod.ts": "b0ac529acf419de264197cac696646cefb8e441d0116525d2753453bd2cbf6e1",
    "https://deno.land/std@0.170.0/streams/read_all.ts": "52c733b63ca52af7d78326228529d7d629d5b3bb7c34c0a0261b5a6ecc209e73",
    "https://deno.land/std@0.170.0/streams/readable_stream_from_iterable.ts": "eaa03bf3b7fbffa665d3d9c30435dcce3437c67559f97eaccc58995d3efcf8cd",
    "https://deno.land/std@0.170.0/streams/readable_stream_from_reader.ts": "fa1e01839d214826a1547f108f2858d9f97b267ccf2523bf08c6db3e07ae3124",
    "https://deno.land/std@0.170.0/streams/reader_from_iterable.ts": "91ebe9cfed2422b7193e222e3479d31f7906171df4f94e0d8df35877b9d15e69",
    "https://deno.land/std@0.170.0/streams/reader_from_stream_reader.ts": "88043a2b2932443e1b5133264283ded6872bec0604d4e69235ebf73e5e9ddde3",
    "https://deno.land/std@0.170.0/streams/text_delimiter_stream.ts": "03150e093373222c51cb94b8518fb4f789990a5ffdee767a3952a599fe56226f",
    "https://deno.land/std@0.170.0/streams/text_line_stream.ts": "9c402985714fe454dad6b59df8a6de7bf13fcb7ae027f35226b0b76d90a1dc60",
    "https://deno.land/std@0.170.0/streams/to_transform_stream.ts": "f3fea34e2d338d9022079d2e756a834b4c233758ad2bcdb43ace326b06c8d36c",
    "https://deno.land/std@0.170.0/streams/writable_stream_from_writer.ts": "ae8daf9f524c449485235900746d195c4d845bb452aed679e67288a9b6848f3b",
    "https://deno.land/std@0.170.0/streams/write_all.ts": "7525aa90e34a2bb56d094403ad9c0e31e7db87a47cb556e6dc0404e6deca084c",
    "https://deno.land/std@0.170.0/streams/writer_from_stream_writer.ts": "eee7964dc30acc74a02fc52f98f3a4fd46d1382d7897859b21eeebbd0a754ec6",
    "https://deno.land/std@0.170.0/streams/zip_readable_streams.ts": "17d5e6625a60ae4268dfd1ddb9aefa3c7f048ed854d4c20d4c05b646dc0e006b",
    "https://deno.land/x/grammy@v1.12.0/bot.ts": "6e4ceacfa6febe7262bb3792f2889189e859d79f9e5835f2297f703ed230ebc9",
    "https://deno.land/x/grammy@v1.12.0/composer.ts": "1d2e164f9934466553d7f9bf9bf2fe65a1f453b7f7ce3cf57066d87382c6dac2",
    "https://deno.land/x/grammy@v1.12.0/context.ts": "eaf9ab22ef40d0244c4ca52d781e272dc84cac39dd3b4fe9874f6e3cb16a745b",
    "https://deno.land/x/grammy@v1.12.0/convenience/frameworks.deno.ts": "dfa1c824ce3c06447cc0d714210db77e87502fb45879662c36a721a603109b9f",
    "https://deno.land/x/grammy@v1.12.0/convenience/frameworks.shared.ts": "b59c24178da1fd0a126dca331dae4a04dfaed1d5604485cb9ca14a36bf0fa106",
    "https://deno.land/x/grammy@v1.12.0/convenience/keyboard.ts": "e3535432bcc35b00f991e08f8707a6ad330f9c851fd189832d163c0c39862171",
    "https://deno.land/x/grammy@v1.12.0/convenience/session.ts": "07fc0c64650d87cfe20de95c3261b9edf3ff46c65a7b86d98c3e0ce001220722",
    "https://deno.land/x/grammy@v1.12.0/convenience/webhook.ts": "805aa953f4626aff7b84fde156dff2ea3cc166d674f2d844a8ab2adad1a03589",
    "https://deno.land/x/grammy@v1.12.0/core/api.ts": "9484ae98c2bfa750388f0ccf6226b744b058ba048f3c0868e256b277ac8a028a",
    "https://deno.land/x/grammy@v1.12.0/core/client.ts": "8914f13b2cb69f16104a9711e4fea0a4500edd0950736dcc3ac078ab46f7a5ab",
    "https://deno.land/x/grammy@v1.12.0/core/error.ts": "4638b2127ebe60249c78b83011d468f5e1e1a87748d32fe11a8200d9f824ad13",
    "https://deno.land/x/grammy@v1.12.0/core/payload.ts": "bed2e44fb567259ee2cab70a7734544c90fae80cb937b354ee1427d0f0883b39",
    "https://deno.land/x/grammy@v1.12.0/filter.ts": "8fa7186db9c1eb84f0138ab9984e723d2ea76dac9bcb6889268c92c9a8fc2e8c",
    "https://deno.land/x/grammy@v1.12.0/mod.ts": "6d96b0c7b4c8b9448b9f9903a95a78c3379febd36b0f6485ad567d79b153c794",
    "https://deno.land/x/grammy@v1.12.0/platform.deno.ts": "62375602eb39a3f711e01c20e39e6af127e612f8d02c45fb7c32b37bad33210b",
    "https://deno.land/x/grammy@v1.12.0/types.deno.ts": "19214bd12cb0796083954dc00e1629fbf6fa8d495bdf7d6b66c45398c4d5f1c9",
    "https://deno.land/x/grammy@v1.12.0/types.ts": "729415590dfa188dbe924dea614dff4e976babdbabb28a307b869fc25777cdf0",
    "https://deno.land/x/grammy@v1.12.1/bot.ts": "0d964a47af531ac1ed8fa37fc5475eef29f75c36a8cb67ca2f31de1b4a72f5cd",
    "https://deno.land/x/grammy@v1.12.1/composer.ts": "1d2e164f9934466553d7f9bf9bf2fe65a1f453b7f7ce3cf57066d87382c6dac2",
    "https://deno.land/x/grammy@v1.12.1/context.ts": "9dcb178ac172ddd91e4d9960597f10ef90c5cabed0210156ec3f8cf57b5ea0b2",
    "https://deno.land/x/grammy@v1.12.1/convenience/frameworks.deno.ts": "3d961adeed62ee3e8f9dd56f90c54503deb079df00f48f34bb1a79b911a25090",
    "https://deno.land/x/grammy@v1.12.1/convenience/frameworks.shared.ts": "46a5da6554a3fbae653dd39c98aaa8e27391a840ffa7a2c53cfe80bdde5b3367",
    "https://deno.land/x/grammy@v1.12.1/convenience/keyboard.ts": "e3535432bcc35b00f991e08f8707a6ad330f9c851fd189832d163c0c39862171",
    "https://deno.land/x/grammy@v1.12.1/convenience/session.ts": "690ea92c66fde5f513fa4192d200c7a5589ae8ee67e9a615b14bad5b95343c3e",
    "https://deno.land/x/grammy@v1.12.1/convenience/webhook.ts": "805aa953f4626aff7b84fde156dff2ea3cc166d674f2d844a8ab2adad1a03589",
    "https://deno.land/x/grammy@v1.12.1/core/api.ts": "33e0fe45ec56d0c2f799159ac5f48f7ae796351964ec694bc8400ee9ccaf2ddf",
    "https://deno.land/x/grammy@v1.12.1/core/client.ts": "8914f13b2cb69f16104a9711e4fea0a4500edd0950736dcc3ac078ab46f7a5ab",
    "https://deno.land/x/grammy@v1.12.1/core/error.ts": "4638b2127ebe60249c78b83011d468f5e1e1a87748d32fe11a8200d9f824ad13",
    "https://deno.land/x/grammy@v1.12.1/core/payload.ts": "bed2e44fb567259ee2cab70a7734544c90fae80cb937b354ee1427d0f0883b39",
    "https://deno.land/x/grammy@v1.12.1/filter.ts": "8fa7186db9c1eb84f0138ab9984e723d2ea76dac9bcb6889268c92c9a8fc2e8c",
    "https://deno.land/x/grammy@v1.12.1/mod.ts": "6d96b0c7b4c8b9448b9f9903a95a78c3379febd36b0f6485ad567d79b153c794",
    "https://deno.land/x/grammy@v1.12.1/platform.deno.ts": "0bd91c858f4a46058f6ed4e89855fdb40508ede8f179155ac6ce62bf8e01f418",
    "https://deno.land/x/grammy@v1.12.1/types.deno.ts": "ab1a0d6af7e0706e27c9b33061ba4eb183a7b05f6f9a0936f30f62d48493fa00",
    "https://deno.land/x/grammy@v1.12.1/types.ts": "729415590dfa188dbe924dea614dff4e976babdbabb28a307b869fc25777cdf0",
    "https://deno.land/x/grammy_parse_mode@1.5.0/deps.deno.ts": "5297e947875ce8ea523e237bbbfa1eb7c709ed8d76dbeeb8d1a5128182a6753b",
    "https://deno.land/x/grammy_parse_mode@1.5.0/format.ts": "7aa2026cc93c266dbf60b66bac49d3eaa3b73f7997e3a00ef822292bf6b7bc7f",
    "https://deno.land/x/grammy_parse_mode@1.5.0/hydrate.ts": "852b060ae49bfc1ab85e6c00ff117eb2da289f83a7c19b4ef65982377f772faf",
    "https://deno.land/x/grammy_parse_mode@1.5.0/mod.ts": "58b539ea91fa72c1fd66dd5415b6c4b63104301b07d9daf860bd66343db7062c",
    "https://deno.land/x/grammy_parse_mode@1.5.0/transformer.ts": "487f38077b0a514a8a6bc9f950edc27c4fda9335feaea01851ddd87090edb8c7",
    "https://deno.land/x/udd@0.8.2/deps.ts": "f93ed3ae998b2f48aac94666efea3d1d61b05f4d6698a0828b462097e10f3f32",
    "https://deno.land/x/udd@0.8.2/main.ts": "a42526e736a4b18c5cda8b4cf99cdadd41545d7e92ff60e5ba12bca6edc3c54c",
    "https://deno.land/x/udd@0.8.2/mod.ts": "00824646a9766acb4b9689201e5b81b969ac822b7cfad5316fe3922a04582edb",
    "https://deno.land/x/udd@0.8.2/progress.ts": "bb8eb122f5ac32efc073e05e2c13cceea61458b0e49ac05bddc3a49124dc39e3",
    "https://deno.land/x/udd@0.8.2/registry.ts": "fd8e1b05f14cb988fee7a72a51e68131a920f7d4b72f949d9b86794b3c699671",
    "https://deno.land/x/udd@0.8.2/search.ts": "52f9a539ca76893c47d01f8c6d401487ea286d54d1305b079b8727598e4c847a",
    "https://deno.land/x/udd@0.8.2/semver.ts": "c051a906405dd72b55434eb0f390f678881379d57847abe4ec60d8a02af4f6f2",
    "https://esm.sh/@grammyjs/auto-retry@1.1.1": "9b532013b46c25b766b8367d313ecec9ecd72c13f770841dd784139ad85e4d79",
    "https://esm.sh/@grammyjs/types@2.10.0": "7d6747b44ec3ef8c6ec6126236a6e3b5f59be29ee758441d509b2da45f4f727d",
    "https://esm.sh/@grammyjs/types@2.10.2": "1e70c4f8693c9e17e1f0db809922b3563ac906c6bcc819011a43cda98cc09ebe",
    "https://esm.sh/@grammyjs/types@2.10.3": "32d1f17eef1c89257e5c3d1d96dfe27dd61489a63783a055bf9ce1b6d01df05d",
    "https://esm.sh/date-fns-tz@1.3.7": "9758471ba82c681440c4208e48e21cd24b0461e04fe36cef06b56e29220a3a91",
    "https://esm.sh/date-fns@2.29.3": "acfd80ebaaccfbeffc734e2e83e1474c069339b9f5dd7b613be4c89979e4d45e",
    "https://esm.sh/v99/@grammyjs/auto-retry@1.1.1/deno/auto-retry.js": "1d864f99bd4415ebb2d5307c18d701dc747e8395ce11f7b81a0ef375e4b9568b",
    "https://esm.sh/v99/@grammyjs/auto-retry@1.1.1/out/index.d.ts": "f3943905e8232761d4f77a335fa91962dd692076f80538b8b6112b0d8e99f238",
    "https://esm.sh/v99/@grammyjs/types@2.10.0/api.d.ts": "efc90a31eb6f59ae5e7a4cf5838f46529e2fa6fa7e97a51a82dbd28afad21592",
    "https://esm.sh/v99/@grammyjs/types@2.10.0/deno/types.js": "56f17a0d1225b8dd12f7b0610c56ea32847807a42910a28997a5129f19b3afab",
    "https://esm.sh/v99/@grammyjs/types@2.10.0/index.d.ts": "1c60004dec6270d9badd5ed195dbd6d4ddd00fa701acfeea922ed9f4861576a4",
    "https://esm.sh/v99/@grammyjs/types@2.10.0/inline.d.ts": "573b2790679c5c0910847a60064ae85c6f6007bfa139e3f611dd917f9c54399b",
    "https://esm.sh/v99/@grammyjs/types@2.10.0/manage.d.ts": "b676fb7be0583d2a9332b13eb928bffea0d106c8d24b9fd84809addc0830d8c0",
    "https://esm.sh/v99/@grammyjs/types@2.10.0/markup.d.ts": "a70b21cd9e7a6708c0f3697b067e0b97cec864a960883e0c3e9dd16c18ee0d5e",
    "https://esm.sh/v99/@grammyjs/types@2.10.0/menu-button.d.ts": "096e03dadaf3af415c48c14cb91380769df01dcccbb0931575bf5f15a5df5cd7",
    "https://esm.sh/v99/@grammyjs/types@2.10.0/message.d.ts": "72e7ea2b9424c966db0599e75852c230281c3453531100bf1b432921c1da227f",
    "https://esm.sh/v99/@grammyjs/types@2.10.0/passport.d.ts": "e3fb63aec96510bcc317ef48fd25b435444b8f407502d7568c00fce15f2958fd",
    "https://esm.sh/v99/@grammyjs/types@2.10.0/payment.d.ts": "410c384a26d24252219713adeb0c360d5d038102ab9d1a6e9aad20b603830d0c",
    "https://esm.sh/v99/@grammyjs/types@2.10.0/proxied.d.ts": "a4720570e16d86b6030d0e03ad1b7eb3fa492d9e24833fa322f09f3494874629",
    "https://esm.sh/v99/@grammyjs/types@2.10.0/update.d.ts": "caf8e01cc0857bde5a787243bc307d3e621f86242dd4058f5e20b156f61c083d",
    "https://esm.sh/v99/@grammyjs/types@2.10.2/api.d.ts": "efc90a31eb6f59ae5e7a4cf5838f46529e2fa6fa7e97a51a82dbd28afad21592",
    "https://esm.sh/v99/@grammyjs/types@2.10.2/deno/types.js": "1dd145fdb88ebd81801dbc8a98a76863950ade648acbe7184f26fc938fcbbc71",
    "https://esm.sh/v99/@grammyjs/types@2.10.2/index.d.ts": "1c60004dec6270d9badd5ed195dbd6d4ddd00fa701acfeea922ed9f4861576a4",
    "https://esm.sh/v99/@grammyjs/types@2.10.2/inline.d.ts": "573b2790679c5c0910847a60064ae85c6f6007bfa139e3f611dd917f9c54399b",
    "https://esm.sh/v99/@grammyjs/types@2.10.2/manage.d.ts": "a4fc390b9dc7b533147384abfb34bb25b3fd44ef0ee52bd82b10f0718b4578bc",
    "https://esm.sh/v99/@grammyjs/types@2.10.2/markup.d.ts": "a70b21cd9e7a6708c0f3697b067e0b97cec864a960883e0c3e9dd16c18ee0d5e",
    "https://esm.sh/v99/@grammyjs/types@2.10.2/menu-button.d.ts": "096e03dadaf3af415c48c14cb91380769df01dcccbb0931575bf5f15a5df5cd7",
    "https://esm.sh/v99/@grammyjs/types@2.10.2/message.d.ts": "72e7ea2b9424c966db0599e75852c230281c3453531100bf1b432921c1da227f",
    "https://esm.sh/v99/@grammyjs/types@2.10.2/passport.d.ts": "e3fb63aec96510bcc317ef48fd25b435444b8f407502d7568c00fce15f2958fd",
    "https://esm.sh/v99/@grammyjs/types@2.10.2/payment.d.ts": "410c384a26d24252219713adeb0c360d5d038102ab9d1a6e9aad20b603830d0c",
    "https://esm.sh/v99/@grammyjs/types@2.10.2/proxied.d.ts": "6fc564e4a077ad3acb2b58e1460b781f712d265295d3de5d03d0773b5f92f0c1",
    "https://esm.sh/v99/@grammyjs/types@2.10.2/update.d.ts": "caf8e01cc0857bde5a787243bc307d3e621f86242dd4058f5e20b156f61c083d",
    "https://esm.sh/v99/@grammyjs/types@2.10.3/api.d.ts": "efc90a31eb6f59ae5e7a4cf5838f46529e2fa6fa7e97a51a82dbd28afad21592",
    "https://esm.sh/v99/@grammyjs/types@2.10.3/deno/types.js": "1effe9e891ee42eabfee2aabbd4f1564e41629ff40c0bff39b5b468d4b06945c",
    "https://esm.sh/v99/@grammyjs/types@2.10.3/index.d.ts": "1c60004dec6270d9badd5ed195dbd6d4ddd00fa701acfeea922ed9f4861576a4",
    "https://esm.sh/v99/@grammyjs/types@2.10.3/inline.d.ts": "573b2790679c5c0910847a60064ae85c6f6007bfa139e3f611dd917f9c54399b",
    "https://esm.sh/v99/@grammyjs/types@2.10.3/manage.d.ts": "a4fc390b9dc7b533147384abfb34bb25b3fd44ef0ee52bd82b10f0718b4578bc",
    "https://esm.sh/v99/@grammyjs/types@2.10.3/markup.d.ts": "a70b21cd9e7a6708c0f3697b067e0b97cec864a960883e0c3e9dd16c18ee0d5e",
    "https://esm.sh/v99/@grammyjs/types@2.10.3/menu-button.d.ts": "096e03dadaf3af415c48c14cb91380769df01dcccbb0931575bf5f15a5df5cd7",
    "https://esm.sh/v99/@grammyjs/types@2.10.3/message.d.ts": "72e7ea2b9424c966db0599e75852c230281c3453531100bf1b432921c1da227f",
    "https://esm.sh/v99/@grammyjs/types@2.10.3/passport.d.ts": "e3fb63aec96510bcc317ef48fd25b435444b8f407502d7568c00fce15f2958fd",
    "https://esm.sh/v99/@grammyjs/types@2.10.3/payment.d.ts": "410c384a26d24252219713adeb0c360d5d038102ab9d1a6e9aad20b603830d0c",
    "https://esm.sh/v99/@grammyjs/types@2.10.3/proxied.d.ts": "2c9f6b321b9ce451a40c3488137fa28f0d4078fadfd0bf5783bebd6afc51b40a",
    "https://esm.sh/v99/@grammyjs/types@2.10.3/update.d.ts": "caf8e01cc0857bde5a787243bc307d3e621f86242dd4058f5e20b156f61c083d",
    "https://esm.sh/v99/date-fns-tz@1.3.7/deno/date-fns-tz.js": "ead6b79ab878f9e303ee203e7b5e1ca5b18cff3a0f8176c8aea04a886a04caa3",
    "https://esm.sh/v99/date-fns-tz@1.3.7/esm~.d.ts": "854cdc32752c20a63ea380b17a93c803d6d1e06fa939fdc231732a7b35e8a906",
    "https://esm.sh/v99/date-fns-tz@1.3.7/typings.d.ts": "a22fa36bb630b36dbb13b437371701ad588af65d5268027996035730830c746f",
    "https://esm.sh/v99/date-fns@2.29.3/deno/_lib/addLeadingZeros/index.js": "22d816aa117a3070db95dc85486bbb98197b9268898f102011d08ec95c838bd0",
    "https://esm.sh/v99/date-fns@2.29.3/deno/_lib/assign/index.js": "b516076419f83b02b4f9887cab2e5d99cb4da7c9c09af27d1b4152c9046456cc",
    "https://esm.sh/v99/date-fns@2.29.3/deno/_lib/cloneObject/index.js": "a980a80bd34fa16659f119b2ada54af4c9ab06a7b44655ab868ddaed545b6bad",
    "https://esm.sh/v99/date-fns@2.29.3/deno/_lib/defaultLocale/index.js": "2af68af26a4ba6d755c51d2257d16a34fc0dbcb548b0ca61ed9663bb4f4238ea",
    "https://esm.sh/v99/date-fns@2.29.3/deno/_lib/defaultOptions/index.js": "feee1a33233103fba2401b884cd8847fa07a3928bd464ea95deb83d420ab2ecc",
    "https://esm.sh/v99/date-fns@2.29.3/deno/_lib/format/formatters/index.js": "19d6ab2a010479adee9e469e093f0bb03565c26e80ef82bf3ea95f669c11d087",
    "https://esm.sh/v99/date-fns@2.29.3/deno/_lib/format/lightFormatters/index.js": "1e4c827bb09722387d155b5b840d600c91dc246320cfd610f33fce2115127189",
    "https://esm.sh/v99/date-fns@2.29.3/deno/_lib/format/longFormatters/index.js": "b01ddec8a2ce1e53a7716818b3eaaabecb7a46c26168ed8a248d590183f0b5fc",
    "https://esm.sh/v99/date-fns@2.29.3/deno/_lib/getTimezoneOffsetInMilliseconds/index.js": "e611171a35693b8491632d78ca6ce1af108edd463bcbe782936423b0d2e86ab1",
    "https://esm.sh/v99/date-fns@2.29.3/deno/_lib/getUTCDayOfYear/index.js": "0b209e89e17550536b32db403d725ed828c0c72a881b5b8791c99e4a61cd6b22",
    "https://esm.sh/v99/date-fns@2.29.3/deno/_lib/getUTCISOWeek/index.js": "5059b30ab857559abf0387a99f639a4c39517d0d30b5f178d9f290f51055bf23",
    "https://esm.sh/v99/date-fns@2.29.3/deno/_lib/getUTCISOWeekYear/index.js": "a9d5b4d0a1ddd182def6308a883514f63927cbcb8e6e42bbfcd09e7371b7c947",
    "https://esm.sh/v99/date-fns@2.29.3/deno/_lib/getUTCWeek/index.js": "8a17b72658a8cf2e9c36bdcc4d240fae8786c8880828d9c6db63ec67fdf3c9c8",
    "https://esm.sh/v99/date-fns@2.29.3/deno/_lib/getUTCWeekYear/index.js": "a5e06d651c641a2111b03d2f0d0bd2fc6888ef1948fc348946085a5aabcae377",
    "https://esm.sh/v99/date-fns@2.29.3/deno/_lib/protectedTokens/index.js": "f8dafa7b6f8f32aac986f19cc8bae78941848e8ac35f788094f0213607ae5aa8",
    "https://esm.sh/v99/date-fns@2.29.3/deno/_lib/requiredArgs/index.js": "9edd68cd6c765ec497ddb829f2e9c8c1198c7b1721fe91405b8f02d1cbc2764a",
    "https://esm.sh/v99/date-fns@2.29.3/deno/_lib/startOfUTCISOWeek/index.js": "e748f31e9d02a23086f5bb5236d25adb33e202118774cb43ca80707482bd4b3a",
    "https://esm.sh/v99/date-fns@2.29.3/deno/_lib/startOfUTCISOWeekYear/index.js": "674f91ec45c4e1ca4381e7c7da28f70d4b5c94953f01fa65ab9d904df3668311",
    "https://esm.sh/v99/date-fns@2.29.3/deno/_lib/startOfUTCWeek/index.js": "1a3903b2df7934293820aa46ab2e912026638bb778998e6923557ff796892638",
    "https://esm.sh/v99/date-fns@2.29.3/deno/_lib/startOfUTCWeekYear/index.js": "db75effa0e971fb42ded86995a70205cbf07d5846589389df65d9f897194ed80",
    "https://esm.sh/v99/date-fns@2.29.3/deno/_lib/toInteger/index.js": "be17de9d3ac67521b6ab1931322ee033f7b9af1d8e1777c4acafa028354b8338",
    "https://esm.sh/v99/date-fns@2.29.3/deno/addMilliseconds/index.js": "a5c8961bff9183cc03f1406eb0c1c3b9523a971d2c89480980123aac3868c8cf",
    "https://esm.sh/v99/date-fns@2.29.3/deno/date-fns.js": "f80df65b23f9de6e648724e3b6fdacf76333b28cbf04a8c4953668e8f0bc5dea",
    "https://esm.sh/v99/date-fns@2.29.3/deno/format/index.js": "0a504810c3740fc6acb4e6c9725b0bf281bdd0c39533740b158e56e6965fd00e",
    "https://esm.sh/v99/date-fns@2.29.3/deno/isDate/index.js": "1e28ec60ae7d0b0fb09622d017042fedbd0dccdf85190597dfd6a61dabc03ddc",
    "https://esm.sh/v99/date-fns@2.29.3/deno/isValid/index.js": "4674c074a21678a21f5ce158b9324444b92f61311749a54168ec4b2b152f6ac1",
    "https://esm.sh/v99/date-fns@2.29.3/deno/locale/_lib/buildFormatLongFn/index.js": "dc93ebf0334e5345da382c0da48ea6b7703858761f721ee5da81737524a02a6d",
    "https://esm.sh/v99/date-fns@2.29.3/deno/locale/_lib/buildLocalizeFn/index.js": "4319a65ddc53cb81a50664a5394f458d0bf106c03d07002b327c9b84cb8291bc",
    "https://esm.sh/v99/date-fns@2.29.3/deno/locale/_lib/buildMatchFn/index.js": "bb5ee6104568a0ac5e86f444859241a7a53087488d19de3d9a121df604a73141",
    "https://esm.sh/v99/date-fns@2.29.3/deno/locale/_lib/buildMatchPatternFn/index.js": "b5c1f93aad72ecbf16cb536a4cadbddc9ae312abe76e8f4cc1b41b0fa3a96de4",
    "https://esm.sh/v99/date-fns@2.29.3/deno/locale/en-US/_lib/formatDistance/index.js": "8c0b2014b2dd36dd91a2e21a7232ebd8ad8dd4fea21f7b65b1b2c24a76cec77b",
    "https://esm.sh/v99/date-fns@2.29.3/deno/locale/en-US/_lib/formatLong/index.js": "9da78187937fdaac59c1a8fb124eb13c6c9c87a840aa8e2be07a287b9c5194d3",
    "https://esm.sh/v99/date-fns@2.29.3/deno/locale/en-US/_lib/formatRelative/index.js": "a5ed67db602925e8fa59fa3d1caa0668037874b19127b8b1bbe2b2d3f87d2ab3",
    "https://esm.sh/v99/date-fns@2.29.3/deno/locale/en-US/_lib/localize/index.js": "37e5bf88786247450527e7b205c842c16981caefae17db91bfe175a2044ad4ff",
    "https://esm.sh/v99/date-fns@2.29.3/deno/locale/en-US/_lib/match/index.js": "97cec818a92f0886d77019646f167887a75e7180f991c5e62feec888f504973f",
    "https://esm.sh/v99/date-fns@2.29.3/deno/locale/en-US/index.js": "9a85e8ab21e7feca20bb70b2a4bef5863892357995c548d22ade92375b296634",
    "https://esm.sh/v99/date-fns@2.29.3/deno/subMilliseconds/index.js": "f560d3c7ec55abbf8e69b8dd8788b83ce8a9ff7b0c44eb62c7660844010aab39",
    "https://esm.sh/v99/date-fns@2.29.3/deno/toDate/index.js": "e3f9ce2e9ca6016b578c6650b2b256622283f4d0379d597416540633cefca4df",
    "https://esm.sh/v99/date-fns@2.29.3/esm~.d.ts": "854cdc32752c20a63ea380b17a93c803d6d1e06fa939fdc231732a7b35e8a906",
    "https://esm.sh/v99/date-fns@2.29.3/typings.d.ts": "6b9daec584f6d633cc45b991041a4854a19d7177ad4baa3c9c7884e72aa3c007"
  }
}
